// !$*UTF8*$!
{
	archiveVersion = 1;
	classes = {
	};
	objectVersion = 46;
	objects = {

/* Begin PBXBuildFile section */
		1E113BCC1E1B52C0001C5454 /* AppDelegate.swift in Sources */ = {isa = PBXBuildFile; fileRef = 1E113BC21E1B52C0001C5454 /* AppDelegate.swift */; };
		1E113BCD1E1B52C0001C5454 /* ViewController.swift in Sources */ = {isa = PBXBuildFile; fileRef = 1E113BC31E1B52C0001C5454 /* ViewController.swift */; };
		1E113BCE1E1B52C0001C5454 /* Main.storyboard in Resources */ = {isa = PBXBuildFile; fileRef = 1E113BC51E1B52C0001C5454 /* Main.storyboard */; };
		1E113BCF1E1B52C0001C5454 /* Assets.xcassets in Resources */ = {isa = PBXBuildFile; fileRef = 1E113BC61E1B52C0001C5454 /* Assets.xcassets */; };
		1E113BD01E1B52C0001C5454 /* LaunchScreen.storyboard in Resources */ = {isa = PBXBuildFile; fileRef = 1E113BC81E1B52C0001C5454 /* LaunchScreen.storyboard */; };
		1E113BD11E1B52C0001C5454 /* Info.plist in Resources */ = {isa = PBXBuildFile; fileRef = 1E113BC91E1B52C0001C5454 /* Info.plist */; };
		1E113BD21E1B52C0001C5454 /* ViewLogin.swift in Sources */ = {isa = PBXBuildFile; fileRef = 1E113BCA1E1B52C0001C5454 /* ViewLogin.swift */; };
		1E113BD31E1B52C0001C5454 /* ViewMath.swift in Sources */ = {isa = PBXBuildFile; fileRef = 1E113BCB1E1B52C0001C5454 /* ViewMath.swift */; };
		1E113BDB1E1B52CD001C5454 /* board.png in Resources */ = {isa = PBXBuildFile; fileRef = 1E113BD41E1B52CD001C5454 /* board.png */; };
		1E113BDC1E1B52CD001C5454 /* Cartoon-Springs-PPT-Backgrounds-1024x768.jpg in Resources */ = {isa = PBXBuildFile; fileRef = 1E113BD51E1B52CD001C5454 /* Cartoon-Springs-PPT-Backgrounds-1024x768.jpg */; };
		1E113BDD1E1B52CD001C5454 /* note1.png in Resources */ = {isa = PBXBuildFile; fileRef = 1E113BD61E1B52CD001C5454 /* note1.png */; };
		1E113BDE1E1B52CD001C5454 /* note2.png in Resources */ = {isa = PBXBuildFile; fileRef = 1E113BD71E1B52CD001C5454 /* note2.png */; };
		1E113BDF1E1B52CD001C5454 /* note3.png in Resources */ = {isa = PBXBuildFile; fileRef = 1E113BD81E1B52CD001C5454 /* note3.png */; };
		1E113BE01E1B52CD001C5454 /* zing-mp3.jpg in Resources */ = {isa = PBXBuildFile; fileRef = 1E113BD91E1B52CD001C5454 /* zing-mp3.jpg */; };
		1E113BE11E1B52CD001C5454 /* Iphone-6s-Wallpapers-HD-1080x1920-3.jpg in Resources */ = {isa = PBXBuildFile; fileRef = 1E113BDA1E1B52CD001C5454 /* Iphone-6s-Wallpapers-HD-1080x1920-3.jpg */; };
/* End PBXBuildFile section */

/* Begin PBXFileReference section */
		1E113BAC1E1B527C001C5454 /* EzPushPop.app */ = {isa = PBXFileReference; explicitFileType = wrapper.application; includeInIndex = 0; path = EzPushPop.app; sourceTree = BUILT_PRODUCTS_DIR; };
		1E113BC21E1B52C0001C5454 /* AppDelegate.swift */ = {isa = PBXFileReference; fileEncoding = 4; lastKnownFileType = sourcecode.swift; name = AppDelegate.swift; path = ../../EzZing/EzZing/AppDelegate.swift; sourceTree = "<group>"; };
		1E113BC31E1B52C0001C5454 /* ViewController.swift */ = {isa = PBXFileReference; fileEncoding = 4; lastKnownFileType = sourcecode.swift; name = ViewController.swift; path = ../../EzZing/EzZing/ViewController.swift; sourceTree = "<group>"; };
		1E113BC41E1B52C0001C5454 /* Base */ = {isa = PBXFileReference; lastKnownFileType = file.storyboard; name = Base; path = Base.lproj/Main.storyboard; sourceTree = "<group>"; };
		1E113BC61E1B52C0001C5454 /* Assets.xcassets */ = {isa = PBXFileReference; lastKnownFileType = folder.assetcatalog; name = Assets.xcassets; path = ../../EzZing/EzZing/Assets.xcassets; sourceTree = "<group>"; };
		1E113BC71E1B52C0001C5454 /* Base */ = {isa = PBXFileReference; lastKnownFileType = file.storyboard; name = Base; path = Base.lproj/LaunchScreen.storyboard; sourceTree = "<group>"; };
		1E113BC91E1B52C0001C5454 /* Info.plist */ = {isa = PBXFileReference; fileEncoding = 4; lastKnownFileType = text.plist.xml; name = Info.plist; path = ../../EzZing/EzZing/Info.plist; sourceTree = "<group>"; };
		1E113BCA1E1B52C0001C5454 /* ViewLogin.swift */ = {isa = PBXFileReference; fileEncoding = 4; lastKnownFileType = sourcecode.swift; name = ViewLogin.swift; path = ../../EzZing/EzZing/ViewLogin.swift; sourceTree = "<group>"; };
		1E113BCB1E1B52C0001C5454 /* ViewMath.swift */ = {isa = PBXFileReference; fileEncoding = 4; lastKnownFileType = sourcecode.swift; name = ViewMath.swift; path = ../../EzZing/EzZing/ViewMath.swift; sourceTree = "<group>"; };
		1E113BD41E1B52CD001C5454 /* board.png */ = {isa = PBXFileReference; lastKnownFileType = image.png; path = board.png; sourceTree = "<group>"; };
		1E113BD51E1B52CD001C5454 /* Cartoon-Springs-PPT-Backgrounds-1024x768.jpg */ = {isa = PBXFileReference; lastKnownFileType = image.jpeg; path = "Cartoon-Springs-PPT-Backgrounds-1024x768.jpg"; sourceTree = "<group>"; };
		1E113BD61E1B52CD001C5454 /* note1.png */ = {isa = PBXFileReference; lastKnownFileType = image.png; path = note1.png; sourceTree = "<group>"; };
		1E113BD71E1B52CD001C5454 /* note2.png */ = {isa = PBXFileReference; lastKnownFileType = image.png; path = note2.png; sourceTree = "<group>"; };
		1E113BD81E1B52CD001C5454 /* note3.png */ = {isa = PBXFileReference; lastKnownFileType = image.png; path = note3.png; sourceTree = "<group>"; };
		1E113BD91E1B52CD001C5454 /* zing-mp3.jpg */ = {isa = PBXFileReference; lastKnownFileType = image.jpeg; path = "zing-mp3.jpg"; sourceTree = "<group>"; };
		1E113BDA1E1B52CD001C5454 /* Iphone-6s-Wallpapers-HD-1080x1920-3.jpg */ = {isa = PBXFileReference; lastKnownFileType = image.jpeg; path = "Iphone-6s-Wallpapers-HD-1080x1920-3.jpg"; sourceTree = "<group>"; };
/* End PBXFileReference section */

/* Begin PBXFrameworksBuildPhase section */
		1E113BA91E1B527C001C5454 /* Frameworks */ = {
			isa = PBXFrameworksBuildPhase;
			buildActionMask = 2147483647;
			files = (
			);
			runOnlyForDeploymentPostprocessing = 0;
		};
/* End PBXFrameworksBuildPhase section */

/* Begin PBXGroup section */
		1E113BA31E1B527C001C5454 = {
			isa = PBXGroup;
			children = (
				1E113BAE1E1B527C001C5454 /* EzPushPop */,
				1E113BAD1E1B527C001C5454 /* Products */,
			);
			sourceTree = "<group>";
		};
		1E113BAD1E1B527C001C5454 /* Products */ = {
			isa = PBXGroup;
			children = (
				1E113BAC1E1B527C001C5454 /* EzPushPop.app */,
			);
			name = Products;
			sourceTree = "<group>";
		};
		1E113BAE1E1B527C001C5454 /* EzPushPop */ = {
			isa = PBXGroup;
			children = (
				1E113BE21E1B52D3001C5454 /* images */,
				1E113BC21E1B52C0001C5454 /* AppDelegate.swift */,
				1E113BC31E1B52C0001C5454 /* ViewController.swift */,
				1E113BC51E1B52C0001C5454 /* Main.storyboard */,
				1E113BC61E1B52C0001C5454 /* Assets.xcassets */,
				1E113BC81E1B52C0001C5454 /* LaunchScreen.storyboard */,
				1E113BC91E1B52C0001C5454 /* Info.plist */,
				1E113BCA1E1B52C0001C5454 /* ViewLogin.swift */,
				1E113BCB1E1B52C0001C5454 /* ViewMath.swift */,
			);
			path = EzPushPop;
			sourceTree = "<group>";
		};
		1E113BE21E1B52D3001C5454 /* images */ = {
			isa = PBXGroup;
			children = (
				1E113BD41E1B52CD001C5454 /* board.png */,
				1E113BD51E1B52CD001C5454 /* Cartoon-Springs-PPT-Backgrounds-1024x768.jpg */,
				1E113BD61E1B52CD001C5454 /* note1.png */,
				1E113BD71E1B52CD001C5454 /* note2.png */,
				1E113BD81E1B52CD001C5454 /* note3.png */,
				1E113BD91E1B52CD001C5454 /* zing-mp3.jpg */,
				1E113BDA1E1B52CD001C5454 /* Iphone-6s-Wallpapers-HD-1080x1920-3.jpg */,
			);
			name = images;
			sourceTree = "<group>";
		};
/* End PBXGroup section */

/* Begin PBXNativeTarget section */
		1E113BAB1E1B527C001C5454 /* EzPushPop */ = {
			isa = PBXNativeTarget;
			buildConfigurationList = 1E113BBE1E1B527C001C5454 /* Build configuration list for PBXNativeTarget "EzPushPop" */;
			buildPhases = (
				1E113BA81E1B527C001C5454 /* Sources */,
				1E113BA91E1B527C001C5454 /* Frameworks */,
				1E113BAA1E1B527C001C5454 /* Resources */,
			);
			buildRules = (
			);
			dependencies = (
			);
			name = EzPushPop;
			productName = EzPushPop;
			productReference = 1E113BAC1E1B527C001C5454 /* EzPushPop.app */;
			productType = "com.apple.product-type.application";
		};
/* End PBXNativeTarget section */

/* Begin PBXProject section */
		1E113BA41E1B527C001C5454 /* Project object */ = {
			isa = PBXProject;
			attributes = {
				LastSwiftUpdateCheck = 0800;
				LastUpgradeCheck = 0800;
				ORGANIZATIONNAME = tek4fun;
				TargetAttributes = {
					1E113BAB1E1B527C001C5454 = {
						CreatedOnToolsVersion = 8.0;
						LastSwiftMigration = 0800;
						ProvisioningStyle = Automatic;
					};
				};
			};
			buildConfigurationList = 1E113BA71E1B527C001C5454 /* Build configuration list for PBXProject "EzPushPop" */;
			compatibilityVersion = "Xcode 3.2";
			developmentRegion = English;
			hasScannedForEncodings = 0;
			knownRegions = (
				en,
				Base,
			);
			mainGroup = 1E113BA31E1B527C001C5454;
			productRefGroup = 1E113BAD1E1B527C001C5454 /* Products */;
			projectDirPath = "";
			projectRoot = "";
			targets = (
				1E113BAB1E1B527C001C5454 /* EzPushPop */,
			);
		};
/* End PBXProject section */

/* Begin PBXResourcesBuildPhase section */
		1E113BAA1E1B527C001C5454 /* Resources */ = {
			isa = PBXResourcesBuildPhase;
			buildActionMask = 2147483647;
			files = (
				1E113BDF1E1B52CD001C5454 /* note3.png in Resources */,
				1E113BD11E1B52C0001C5454 /* Info.plist in Resources */,
				1E113BD01E1B52C0001C5454 /* LaunchScreen.storyboard in Resources */,
				1E113BDC1E1B52CD001C5454 /* Cartoon-Springs-PPT-Backgrounds-1024x768.jpg in Resources */,
				1E113BE11E1B52CD001C5454 /* Iphone-6s-Wallpapers-HD-1080x1920-3.jpg in Resources */,
				1E113BCF1E1B52C0001C5454 /* Assets.xcassets in Resources */,
				1E113BDE1E1B52CD001C5454 /* note2.png in Resources */,
				1E113BE01E1B52CD001C5454 /* zing-mp3.jpg in Resources */,
				1E113BDB1E1B52CD001C5454 /* board.png in Resources */,
				1E113BCE1E1B52C0001C5454 /* Main.storyboard in Resources */,
				1E113BDD1E1B52CD001C5454 /* note1.png in Resources */,
			);
			runOnlyForDeploymentPostprocessing = 0;
		};
/* End PBXResourcesBuildPhase section */

/* Begin PBXSourcesBuildPhase section */
		1E113BA81E1B527C001C5454 /* Sources */ = {
			isa = PBXSourcesBuildPhase;
			buildActionMask = 2147483647;
			files = (
				1E113BCD1E1B52C0001C5454 /* ViewController.swift in Sources */,
				1E113BD21E1B52C0001C5454 /* ViewLogin.swift in Sources */,
				1E113BD31E1B52C0001C5454 /* ViewMath.swift in Sources */,
				1E113BCC1E1B52C0001C5454 /* AppDelegate.swift in Sources */,
			);
			runOnlyForDeploymentPostprocessing = 0;
		};
/* End PBXSourcesBuildPhase section */

/* Begin PBXVariantGroup section */
		1E113BC51E1B52C0001C5454 /* Main.storyboard */ = {
			isa = PBXVariantGroup;
			children = (
				1E113BC41E1B52C0001C5454 /* Base */,
			);
			name = Main.storyboard;
			path = ../../EzZing/EzZing;
			sourceTree = "<group>";
		};
		1E113BC81E1B52C0001C5454 /* LaunchScreen.storyboard */ = {
			isa = PBXVariantGroup;
			children = (
				1E113BC71E1B52C0001C5454 /* Base */,
			);
			name = LaunchScreen.storyboard;
			path = ../../EzZing/EzZing;
			sourceTree = "<group>";
		};
/* End PBXVariantGroup section */

/* Begin XCBuildConfiguration section */
		1E113BBC1E1B527C001C5454 /* Debug */ = {
			isa = XCBuildConfiguration;
			buildSettings = {
				ALWAYS_SEARCH_USER_PATHS = NO;
				CLANG_ANALYZER_NONNULL = YES;
				CLANG_CXX_LANGUAGE_STANDARD = "gnu++0x";
				CLANG_CXX_LIBRARY = "libc++";
				CLANG_ENABLE_MODULES = YES;
				CLANG_ENABLE_OBJC_ARC = YES;
				CLANG_WARN_BOOL_CONVERSION = YES;
				CLANG_WARN_CONSTANT_CONVERSION = YES;
				CLANG_WARN_DIRECT_OBJC_ISA_USAGE = YES_ERROR;
				CLANG_WARN_DOCUMENTATION_COMMENTS = YES;
				CLANG_WARN_EMPTY_BODY = YES;
				CLANG_WARN_ENUM_CONVERSION = YES;
				CLANG_WARN_INFINITE_RECURSION = YES;
				CLANG_WARN_INT_CONVERSION = YES;
				CLANG_WARN_OBJC_ROOT_CLASS = YES_ERROR;
				CLANG_WARN_SUSPICIOUS_MOVES = YES;
				CLANG_WARN_UNREACHABLE_CODE = YES;
				CLANG_WARN__DUPLICATE_METHOD_MATCH = YES;
				"CODE_SIGN_IDENTITY[sdk=iphoneos*]" = "iPhone Developer";
				COPY_PHASE_STRIP = NO;
				DEBUG_INFORMATION_FORMAT = dwarf;
				ENABLE_STRICT_OBJC_MSGSEND = YES;
				ENABLE_TESTABILITY = YES;
				GCC_C_LANGUAGE_STANDARD = gnu99;
				GCC_DYNAMIC_NO_PIC = NO;
				GCC_NO_COMMON_BLOCKS = YES;
				GCC_OPTIMIZATION_LEVEL = 0;
				GCC_PREPROCESSOR_DEFINITIONS = (
					"DEBUG=1",
					"$(inherited)",
				);
				GCC_WARN_64_TO_32_BIT_CONVERSION = YES;
				GCC_WARN_ABOUT_RETURN_TYPE = YES_ERROR;
				GCC_WARN_UNDECLARED_SELECTOR = YES;
				GCC_WARN_UNINITIALIZED_AUTOS = YES_AGGRESSIVE;
				GCC_WARN_UNUSED_FUNCTION = YES;
				GCC_WARN_UNUSED_VARIABLE = YES;
				IPHONEOS_DEPLOYMENT_TARGET = 10.0;
				MTL_ENABLE_DEBUG_INFO = YES;
				ONLY_ACTIVE_ARCH = YES;
				SDKROOT = iphoneos;
				SWIFT_ACTIVE_COMPILATION_CONDITIONS = DEBUG;
				SWIFT_OPTIMIZATION_LEVEL = "-Onone";
				TARGETED_DEVICE_FAMILY = "1,2";
			};
			name = Debug;
		};
		1E113BBD1E1B527C001C5454 /* Release */ = {
			isa = XCBuildConfiguration;
			buildSettings = {
				ALWAYS_SEARCH_USER_PATHS = NO;
				CLANG_ANALYZER_NONNULL = YES;
				CLANG_CXX_LANGUAGE_STANDARD = "gnu++0x";
				CLANG_CXX_LIBRARY = "libc++";
				CLANG_ENABLE_MODULES = YES;
				CLANG_ENABLE_OBJC_ARC = YES;
				CLANG_WARN_BOOL_CONVERSION = YES;
				CLANG_WARN_CONSTANT_CONVERSION = YES;
				CLANG_WARN_DIRECT_OBJC_ISA_USAGE = YES_ERROR;
				CLANG_WARN_DOCUMENTATION_COMMENTS = YES;
				CLANG_WARN_EMPTY_BODY = YES;
				CLANG_WARN_ENUM_CONVERSION = YES;
				CLANG_WARN_INFINITE_RECURSION = YES;
				CLANG_WARN_INT_CONVERSION = YES;
				CLANG_WARN_OBJC_ROOT_CLASS = YES_ERROR;
				CLANG_WARN_SUSPICIOUS_MOVES = YES;
				CLANG_WARN_UNREACHABLE_CODE = YES;
				CLANG_WARN__DUPLICATE_METHOD_MATCH = YES;
				"CODE_SIGN_IDENTITY[sdk=iphoneos*]" = "iPhone Developer";
				COPY_PHASE_STRIP = NO;
				DEBUG_INFORMATION_FORMAT = "dwarf-with-dsym";
				ENABLE_NS_ASSERTIONS = NO;
				ENABLE_STRICT_OBJC_MSGSEND = YES;
				GCC_C_LANGUAGE_STANDARD = gnu99;
				GCC_NO_COMMON_BLOCKS = YES;
				GCC_WARN_64_TO_32_BIT_CONVERSION = YES;
				GCC_WARN_ABOUT_RETURN_TYPE = YES_ERROR;
				GCC_WARN_UNDECLARED_SELECTOR = YES;
				GCC_WARN_UNINITIALIZED_AUTOS = YES_AGGRESSIVE;
				GCC_WARN_UNUSED_FUNCTION = YES;
				GCC_WARN_UNUSED_VARIABLE = YES;
				IPHONEOS_DEPLOYMENT_TARGET = 10.0;
				MTL_ENABLE_DEBUG_INFO = NO;
				SDKROOT = iphoneos;
				SWIFT_OPTIMIZATION_LEVEL = "-Owholemodule";
				TARGETED_DEVICE_FAMILY = "1,2";
				VALIDATE_PRODUCT = YES;
			};
			name = Release;
		};
		1E113BBF1E1B527C001C5454 /* Debug */ = {
			isa = XCBuildConfiguration;
			buildSettings = {
				ASSETCATALOG_COMPILER_APPICON_NAME = AppIcon;
				CLANG_ENABLE_MODULES = YES;
				INFOPLIST_FILE = EzPushPop/Info.plist;
				LD_RUNPATH_SEARCH_PATHS = "$(inherited) @executable_path/Frameworks";
				PRODUCT_BUNDLE_IDENTIFIER = vn.techmaster.EzPushPop;
				PRODUCT_NAME = "$(TARGET_NAME)";
				SWIFT_OBJC_BRIDGING_HEADER = "EzPushPop/EzPushPop-Bridging-Header.h";
				SWIFT_OPTIMIZATION_LEVEL = "-Onone";
				SWIFT_VERSION = 3.0;
			};
			name = Debug;
		};
		1E113BC01E1B527C001C5454 /* Release */ = {
			isa = XCBuildConfiguration;
			buildSettings = {
				ASSETCATALOG_COMPILER_APPICON_NAME = AppIcon;
				CLANG_ENABLE_MODULES = YES;
				INFOPLIST_FILE = EzPushPop/Info.plist;
				LD_RUNPATH_SEARCH_PATHS = "$(inherited) @executable_path/Frameworks";
				PRODUCT_BUNDLE_IDENTIFIER = vn.techmaster.EzPushPop;
				PRODUCT_NAME = "$(TARGET_NAME)";
				SWIFT_OBJC_BRIDGING_HEADER = "EzPushPop/EzPushPop-Bridging-Header.h";
				SWIFT_VERSION = 3.0;
			};
			name = Release;
		};
/* End XCBuildConfiguration section */

/* Begin XCConfigurationList section */
		1E113BA71E1B527C001C5454 /* Build configuration list for PBXProject "EzPushPop" */ = {
			isa = XCConfigurationList;
			buildConfigurations = (
				1E113BBC1E1B527C001C5454 /* Debug */,
				1E113BBD1E1B527C001C5454 /* Release */,
			);
			defaultConfigurationIsVisible = 0;
			defaultConfigurationName = Release;
		};
		1E113BBE1E1B527C001C5454 /* Build configuration list for PBXNativeTarget "EzPushPop" */ = {
			isa = XCConfigurationList;
			buildConfigurations = (
				1E113BBF1E1B527C001C5454 /* Debug */,
				1E113BC01E1B527C001C5454 /* Release */,
			);
			defaultConfigurationIsVisible = 0;
		};
/* End XCConfigurationList section */
	};
	rootObject = 1E113BA41E1B527C001C5454 /* Project object */;
}
